
Microsoft Visual Studio Solution File, Format Version 12.00
Project("{FAE04EC0-301F-11D3-BF4B-00C04F79EFBC}") = "APBD11", "APBD11\APBD11.csproj", "{A81D262C-B3B2-4133-8508-8C73E78E005B}"
EndProject
Global
	GlobalSection(SolutionConfigurationPlatforms) = preSolution
		Debug|Any CPU = Debug|Any CPU
		Release|Any CPU = Release|Any CPU
	EndGlobalSection
	GlobalSection(ProjectConfigurationPlatforms) = postSolution
		{A81D262C-B3B2-4133-8508-8C73E78E005B}.Debug|Any CPU.ActiveCfg = Debug|Any CPU
		{A81D262C-B3B2-4133-8508-8C73E78E005B}.Debug|Any CPU.Build.0 = Debug|Any CPU
		{A81D262C-B3B2-4133-8508-8C73E78E005B}.Release|Any CPU.ActiveCfg = Release|Any CPU
		{A81D262C-B3B2-4133-8508-8C73E78E005B}.Release|Any CPU.Build.0 = Release|Any CPU
	EndGlobalSection
EndGlobal
